
Microsoft Visual Studio Solution File, Format Version 11.00
# Visual Basic Express 2010
Project("{F184B08F-C81C-45F6-A57F-5ABD9991F28F}") = "LED Control Panel", "LED Control Panel\LED Control Panel.vbproj", "{58948A21-06FF-4577-9635-F6519413C774}"
EndProject
Global
	GlobalSection(SolutionConfigurationPlatforms) = preSolution
		Debug|x86 = Debug|x86
		Release|x86 = Release|x86
	EndGlobalSection
	GlobalSection(ProjectConfigurationPlatforms) = postSolution
		{58948A21-06FF-4577-9635-F6519413C774}.Debug|x86.ActiveCfg = Debug|x86
		{58948A21-06FF-4577-9635-F6519413C774}.Debug|x86.Build.0 = Debug|x86
		{58948A21-06FF-4577-9635-F6519413C774}.Release|x86.ActiveCfg = Release|x86
		{58948A21-06FF-4577-9635-F6519413C774}.Release|x86.Build.0 = Release|x86
	EndGlobalSection
	GlobalSection(SolutionProperties) = preSolution
		HideSolutionNode = FALSE
	EndGlobalSection
EndGlobal
